
Microsoft Visual Studio Solution File, Format Version 12.00
# Visual Studio Version 17
VisualStudioVersion = 17.4.33205.214
MinimumVisualStudioVersion = 10.0.40219.1
Project("{FAE04EC0-301F-11D3-BF4B-00C04F79EFBC}") = "05.01.2023", "05.01.2023\05.01.2023.csproj", "{EAC3615B-1822-4D84-8999-B2FD6EAC36E4}"
EndProject
Global
	GlobalSection(SolutionConfigurationPlatforms) = preSolution
		Debug|Any CPU = Debug|Any CPU
		Release|Any CPU = Release|Any CPU
	EndGlobalSection
	GlobalSection(ProjectConfigurationPlatforms) = postSolution
		{EAC3615B-1822-4D84-8999-B2FD6EAC36E4}.Debug|Any CPU.ActiveCfg = Debug|Any CPU
		{EAC3615B-1822-4D84-8999-B2FD6EAC36E4}.Debug|Any CPU.Build.0 = Debug|Any CPU
		{EAC3615B-1822-4D84-8999-B2FD6EAC36E4}.Release|Any CPU.ActiveCfg = Release|Any CPU
		{EAC3615B-1822-4D84-8999-B2FD6EAC36E4}.Release|Any CPU.Build.0 = Release|Any CPU
	EndGlobalSection
	GlobalSection(SolutionProperties) = preSolution
		HideSolutionNode = FALSE
	EndGlobalSection
	GlobalSection(ExtensibilityGlobals) = postSolution
		SolutionGuid = {6C8DF241-71CF-4AD1-AABB-FFD4C94B1631}
	EndGlobalSection
EndGlobal
